
Microsoft Visual Studio Solution File, Format Version 12.00
# Visual Studio Version 16
VisualStudioVersion = 16.0.31424.327
MinimumVisualStudioVersion = 10.0.40219.1
Project("{FAE04EC0-301F-11D3-BF4B-00C04F79EFBC}") = "AssetDiscoveryService", "AssetDiscoveryService\AssetDiscoveryService.csproj", "{C96E0B59-9C6D-47D2-9B13-E9B44963A752}"
EndProject
Project("{FAE04EC0-301F-11D3-BF4B-00C04F79EFBC}") = "WebAppAssetDiscovery", "WebAppAssetDiscovery\WebAppAssetDiscovery.csproj", "{ADD34459-46FA-4A0F-A02B-51AB6DB1E6E3}"
EndProject
Global
	GlobalSection(SolutionConfigurationPlatforms) = preSolution
		Debug|Any CPU = Debug|Any CPU
		Release|Any CPU = Release|Any CPU
	EndGlobalSection
	GlobalSection(ProjectConfigurationPlatforms) = postSolution
		{C96E0B59-9C6D-47D2-9B13-E9B44963A752}.Debug|Any CPU.ActiveCfg = Debug|Any CPU
		{C96E0B59-9C6D-47D2-9B13-E9B44963A752}.Debug|Any CPU.Build.0 = Debug|Any CPU
		{C96E0B59-9C6D-47D2-9B13-E9B44963A752}.Release|Any CPU.ActiveCfg = Release|Any CPU
		{C96E0B59-9C6D-47D2-9B13-E9B44963A752}.Release|Any CPU.Build.0 = Release|Any CPU
		{ADD34459-46FA-4A0F-A02B-51AB6DB1E6E3}.Debug|Any CPU.ActiveCfg = Debug|Any CPU
		{ADD34459-46FA-4A0F-A02B-51AB6DB1E6E3}.Debug|Any CPU.Build.0 = Debug|Any CPU
		{ADD34459-46FA-4A0F-A02B-51AB6DB1E6E3}.Release|Any CPU.ActiveCfg = Release|Any CPU
		{ADD34459-46FA-4A0F-A02B-51AB6DB1E6E3}.Release|Any CPU.Build.0 = Release|Any CPU
	EndGlobalSection
	GlobalSection(SolutionProperties) = preSolution
		HideSolutionNode = FALSE
	EndGlobalSection
	GlobalSection(ExtensibilityGlobals) = postSolution
		SolutionGuid = {1E51D0DE-F5E5-40B7-90B0-F1CF5BCA4C7B}
	EndGlobalSection
EndGlobal
